
Microsoft Visual Studio Solution File, Format Version 12.00
# Visual Studio Version 17
VisualStudioVersion = 17.12.35707.178
MinimumVisualStudioVersion = 10.0.40219.1
Project("{2150E333-8FDC-42A3-9474-1A3956D46DE8}") = "01 - API", "01 - API", "{FFD7FAC2-DECF-443E-B64F-F30F6669E1AF}"
EndProject
Project("{2150E333-8FDC-42A3-9474-1A3956D46DE8}") = "02 - Application", "02 - Application", "{C3195B9D-B5B0-4C0E-9C84-8AD05F254543}"
EndProject
Project("{2150E333-8FDC-42A3-9474-1A3956D46DE8}") = "03 - Domain", "03 - Domain", "{9BC7816F-692B-4C70-86E8-47DD98129766}"
EndProject
Project("{2150E333-8FDC-42A3-9474-1A3956D46DE8}") = "04 - Infra", "04 - Infra", "{9FACB30E-C5F1-4E4C-BE5B-FA3B8835EC34}"
EndProject
Project("{2150E333-8FDC-42A3-9474-1A3956D46DE8}") = "05 - Test", "05 - Test", "{E7788098-A2EE-4233-B20B-819B293EA0A2}"
EndProject
Project("{FAE04EC0-301F-11D3-BF4B-00C04F79EFBC}") = "Veiculo.API", "Veiculo.API\Veiculo.API.csproj", "{86B986C4-A2E7-D6CE-20A9-621AEE67ADD1}"
EndProject
Project("{FAE04EC0-301F-11D3-BF4B-00C04F79EFBC}") = "Veiculo.Application", "Veiculo.Application\Veiculo.Application.csproj", "{B7DEB830-6B73-8098-41BC-9613AF1770B2}"
EndProject
Project("{FAE04EC0-301F-11D3-BF4B-00C04F79EFBC}") = "Veiculo.Domain", "Veiculo.Domain\Veiculo.Domain.csproj", "{A5938716-6110-5E15-1563-43E5E8403784}"
EndProject
Project("{FAE04EC0-301F-11D3-BF4B-00C04F79EFBC}") = "Veiculo.Infrastructure", "Veiculo.Infrastructure\Veiculo.Infrastructure.csproj", "{A4231998-C27C-C337-4B73-9795CF20191E}"
EndProject
Project("{FAE04EC0-301F-11D3-BF4B-00C04F79EFBC}") = "PagamentoTest", "PagamentoTest\PagamentoTest.csproj", "{8DF19F43-5876-43F1-A69B-A91A5F17FE44}"
EndProject
Global
	GlobalSection(SolutionConfigurationPlatforms) = preSolution
		Debug|Any CPU = Debug|Any CPU
		Release|Any CPU = Release|Any CPU
	EndGlobalSection
	GlobalSection(ProjectConfigurationPlatforms) = postSolution
		{86B986C4-A2E7-D6CE-20A9-621AEE67ADD1}.Debug|Any CPU.ActiveCfg = Debug|Any CPU
		{86B986C4-A2E7-D6CE-20A9-621AEE67ADD1}.Debug|Any CPU.Build.0 = Debug|Any CPU
		{86B986C4-A2E7-D6CE-20A9-621AEE67ADD1}.Release|Any CPU.ActiveCfg = Release|Any CPU
		{86B986C4-A2E7-D6CE-20A9-621AEE67ADD1}.Release|Any CPU.Build.0 = Release|Any CPU
		{B7DEB830-6B73-8098-41BC-9613AF1770B2}.Debug|Any CPU.ActiveCfg = Debug|Any CPU
		{B7DEB830-6B73-8098-41BC-9613AF1770B2}.Debug|Any CPU.Build.0 = Debug|Any CPU
		{B7DEB830-6B73-8098-41BC-9613AF1770B2}.Release|Any CPU.ActiveCfg = Release|Any CPU
		{B7DEB830-6B73-8098-41BC-9613AF1770B2}.Release|Any CPU.Build.0 = Release|Any CPU
		{A5938716-6110-5E15-1563-43E5E8403784}.Debug|Any CPU.ActiveCfg = Debug|Any CPU
		{A5938716-6110-5E15-1563-43E5E8403784}.Debug|Any CPU.Build.0 = Debug|Any CPU
		{A5938716-6110-5E15-1563-43E5E8403784}.Release|Any CPU.ActiveCfg = Release|Any CPU
		{A5938716-6110-5E15-1563-43E5E8403784}.Release|Any CPU.Build.0 = Release|Any CPU
		{A4231998-C27C-C337-4B73-9795CF20191E}.Debug|Any CPU.ActiveCfg = Debug|Any CPU
		{A4231998-C27C-C337-4B73-9795CF20191E}.Debug|Any CPU.Build.0 = Debug|Any CPU
		{A4231998-C27C-C337-4B73-9795CF20191E}.Release|Any CPU.ActiveCfg = Release|Any CPU
		{A4231998-C27C-C337-4B73-9795CF20191E}.Release|Any CPU.Build.0 = Release|Any CPU
		{8DF19F43-5876-43F1-A69B-A91A5F17FE44}.Debug|Any CPU.ActiveCfg = Debug|Any CPU
		{8DF19F43-5876-43F1-A69B-A91A5F17FE44}.Debug|Any CPU.Build.0 = Debug|Any CPU
		{8DF19F43-5876-43F1-A69B-A91A5F17FE44}.Release|Any CPU.ActiveCfg = Release|Any CPU
		{8DF19F43-5876-43F1-A69B-A91A5F17FE44}.Release|Any CPU.Build.0 = Release|Any CPU
	EndGlobalSection
	GlobalSection(SolutionProperties) = preSolution
		HideSolutionNode = FALSE
	EndGlobalSection
	GlobalSection(NestedProjects) = preSolution
		{86B986C4-A2E7-D6CE-20A9-621AEE67ADD1} = {FFD7FAC2-DECF-443E-B64F-F30F6669E1AF}
		{B7DEB830-6B73-8098-41BC-9613AF1770B2} = {C3195B9D-B5B0-4C0E-9C84-8AD05F254543}
		{A5938716-6110-5E15-1563-43E5E8403784} = {9BC7816F-692B-4C70-86E8-47DD98129766}
		{A4231998-C27C-C337-4B73-9795CF20191E} = {9FACB30E-C5F1-4E4C-BE5B-FA3B8835EC34}
		{8DF19F43-5876-43F1-A69B-A91A5F17FE44} = {E7788098-A2EE-4233-B20B-819B293EA0A2}
	EndGlobalSection
	GlobalSection(ExtensibilityGlobals) = postSolution
		SolutionGuid = {47EA60FC-8E23-45F3-8AD2-EF0B6361B747}
	EndGlobalSection
EndGlobal
